
Microsoft Visual Studio Solution File, Format Version 12.00
# Visual Studio Version 16
VisualStudioVersion = 25.0.1705.6
MinimumVisualStudioVersion = 10.0.40219.1
Project("{FAE04EC0-301F-11D3-BF4B-00C04F79EFBC}") = "Rock-paper-scissors", "Rock-paper-scissors\Rock-paper-scissors.csproj", "{365595E2-870F-4207-A240-0450D5A9C079}"
EndProject
Global
	GlobalSection(SolutionConfigurationPlatforms) = preSolution
		Debug|Any CPU = Debug|Any CPU
		Release|Any CPU = Release|Any CPU
	EndGlobalSection
	GlobalSection(ProjectConfigurationPlatforms) = postSolution
		{365595E2-870F-4207-A240-0450D5A9C079}.Debug|Any CPU.ActiveCfg = Debug|Any CPU
		{365595E2-870F-4207-A240-0450D5A9C079}.Debug|Any CPU.Build.0 = Debug|Any CPU
		{365595E2-870F-4207-A240-0450D5A9C079}.Release|Any CPU.ActiveCfg = Release|Any CPU
		{365595E2-870F-4207-A240-0450D5A9C079}.Release|Any CPU.Build.0 = Release|Any CPU
	EndGlobalSection
	GlobalSection(SolutionProperties) = preSolution
		HideSolutionNode = FALSE
	EndGlobalSection
	GlobalSection(ExtensibilityGlobals) = postSolution
		SolutionGuid = {1F15CBD0-B5BA-413E-95E6-45CF100783AD}
	EndGlobalSection
EndGlobal
